
Microsoft Visual Studio Solution File, Format Version 12.00
# Visual Studio 15
VisualStudioVersion = 15.0.28307.1145
MinimumVisualStudioVersion = 10.0.40219.1
Project("{FAE04EC0-301F-11D3-BF4B-00C04F79EFBC}") = "QLNHASACH", "QLNHASACH\QLNHASACH.csproj", "{8180E774-2B70-4DC4-97E3-A52036C9FB93}"
EndProject
Global
	GlobalSection(SolutionConfigurationPlatforms) = preSolution
		Debug|Any CPU = Debug|Any CPU
		Release|Any CPU = Release|Any CPU
	EndGlobalSection
	GlobalSection(ProjectConfigurationPlatforms) = postSolution
		{8180E774-2B70-4DC4-97E3-A52036C9FB93}.Debug|Any CPU.ActiveCfg = Debug|Any CPU
		{8180E774-2B70-4DC4-97E3-A52036C9FB93}.Debug|Any CPU.Build.0 = Debug|Any CPU
		{8180E774-2B70-4DC4-97E3-A52036C9FB93}.Release|Any CPU.ActiveCfg = Release|Any CPU
		{8180E774-2B70-4DC4-97E3-A52036C9FB93}.Release|Any CPU.Build.0 = Release|Any CPU
	EndGlobalSection
	GlobalSection(SolutionProperties) = preSolution
		HideSolutionNode = FALSE
	EndGlobalSection
	GlobalSection(ExtensibilityGlobals) = postSolution
		SolutionGuid = {407A01F6-4660-4825-970F-4C7D377833D7}
	EndGlobalSection
EndGlobal
